<?xml version="1.0" encoding="utf-8"?>
<Project ToolsVersion="4.0" xmlns="http://schemas.microsoft.com/developer/msbuild/2003">
  <ItemGroup>
    <Filter Include="소스 파일">
      <UniqueIdentifier>{29E49EED-FFCF-4476-90A5-6BDF1038A24B}</UniqueIdentifier>
      <Extensions>cpp;c;cc;cxx;c++;cppm;ixx;def;odl;idl;hpj;bat;asm;asmx</Extensions>
    </Filter>
    <Filter Include="헤더 파일">
      <UniqueIdentifier>{F83844B7-0587-4B0A-B886-004B525207FC}</UniqueIdentifier>
      <Extensions>h;hh;hpp;hxx;h++;hm;inl;inc;ipp;xsd</Extensions>
    </Filter>
    <Filter Include="리소스 파일">
      <UniqueIdentifier>{54AEF397-8E2D-49EA-AB57-66AB86505DE6}</UniqueIdentifier>
      <Extensions>rc;ico;cur;bmp;dlg;rc2;rct;bin;rgs;gif;jpg;jpeg;jpe;resx;tiff;tif;png;wav;mfcribbon-ms</Extensions>
    </Filter>
    <Filter Include="소스 파일\engine">
      <UniqueIdentifier>{8F66CE66-6AC9-4DEF-AB6C-9E95162718BB}</UniqueIdentifier>
    </Filter>
    <Filter Include="소스 파일\message">
      <UniqueIdentifier>{2C06F073-90B9-4319-9D54-41AF9CCE902C}</UniqueIdentifier>
    </Filter>
    <Filter Include="소스 파일\scenario">
      <UniqueIdentifier>{fe028623-6f72-43b9-bc43-7aae9489219c}</UniqueIdentifier>
    </Filter>
    <Filter Include="소스 파일\scenario\경찰청-신호제어기">
      <UniqueIdentifier>{fe1ace8b-2662-4679-a45c-8dc3bf93d205}</UniqueIdentifier>
    </Filter>
  </ItemGroup>
  <ItemGroup>
    <ClCompile Include="..\..\src\ConformanceTestAgent.c">
      <Filter>소스 파일</Filter>
    </ClCompile>
    <ClCompile Include="..\..\src\ConformanceTestAgentDef.c">
      <Filter>소스 파일</Filter>
    </ClCompile>
    <ClCompile Include="..\..\src\ConformanceTestAgentArg.c">
      <Filter>소스 파일\engine</Filter>
    </ClCompile>
    <ClCompile Include="..\..\src\ConformanceTestAgentEnv.c">
      <Filter>소스 파일\engine</Filter>
    </ClCompile>
    <ClCompile Include="..\..\src\ConformanceTestAgentTimer.c">
      <Filter>소스 파일\engine</Filter>
    </ClCompile>
    <ClCompile Include="..\..\src\ConformanceTestAgentTimerUtil.c">
      <Filter>소스 파일\engine</Filter>
    </ClCompile>
    <ClCompile Include="..\..\src\ConformanceTestAgentMsgs.c">
      <Filter>소스 파일\message</Filter>
    </ClCompile>
    <ClCompile Include="..\..\src\ConformanceTestAgentEnvUtil.c">
      <Filter>소스 파일\engine</Filter>
    </ClCompile>
    <ClCompile Include="..\..\src\ConformanceTestAgentMsgWebSock.c">
      <Filter>소스 파일\message</Filter>
    </ClCompile>
  </ItemGroup>
  <ItemGroup>
    <ClInclude Include="..\..\include\ConformanceTestAgent.h">
      <Filter>헤더 파일</Filter>
    </ClInclude>
    <ClInclude Include="..\..\include\ConformanceTestAgentDef.h">
      <Filter>헤더 파일</Filter>
    </ClInclude>
    <ClInclude Include="..\..\src\ConformanceTestAgentArg.h">
      <Filter>소스 파일\engine</Filter>
    </ClInclude>
    <ClInclude Include="..\..\src\ConformanceTestAgentEnv.h">
      <Filter>소스 파일\engine</Filter>
    </ClInclude>
    <ClInclude Include="..\..\src\ConformanceTestAgentTimer.h">
      <Filter>소스 파일\engine</Filter>
    </ClInclude>
    <ClInclude Include="..\..\src\ConformanceTestAgentTimerUtil.h">
      <Filter>소스 파일\engine</Filter>
    </ClInclude>
    <ClInclude Include="..\..\src\ConformanceTestAgentMsg.h">
      <Filter>소스 파일\message</Filter>
    </ClInclude>
    <ClInclude Include="..\..\src\ConformanceTestAgentMsgs.h">
      <Filter>소스 파일\message</Filter>
    </ClInclude>
    <ClInclude Include="..\..\src\ConformanceTestAgentEnvUtil.h">
      <Filter>소스 파일\engine</Filter>
    </ClInclude>
    <ClInclude Include="ConformanceTestAgent_TrafficLightChkHandler.h">
      <Filter>소스 파일\scenario\경찰청-신호제어기</Filter>
    </ClInclude>
  </ItemGroup>
  <ItemGroup>
    <CustomBuild Include="..\..\include\ConformanceTestAgentDef.tdc">
      <Filter>헤더 파일</Filter>
    </CustomBuild>
    <CustomBuild Include="..\..\src\ConformanceTestAgentArg.tdc">
      <Filter>소스 파일\engine</Filter>
    </CustomBuild>
    <CustomBuild Include="..\..\src\ConformanceTestAgentEnv.tdc">
      <Filter>소스 파일\engine</Filter>
    </CustomBuild>
    <CustomBuild Include="..\..\src\ConformanceTestAgentTimer.tdc">
      <Filter>소스 파일\engine</Filter>
    </CustomBuild>
    <CustomBuild Include="..\..\src\ConformanceTestAgentMsgs.tdc">
      <Filter>소스 파일\message</Filter>
    </CustomBuild>
  </ItemGroup>
</Project>