
Microsoft Visual Studio Solution File, Format Version 12.00
# Visual Studio Version 17
VisualStudioVersion = 17.3.32804.467
MinimumVisualStudioVersion = 10.0.40219.1
Project("{8BC9CEB8-8B4A-11D0-8D11-00A0C91BC942}") = "ConformanceTestAgent", "ConformanceTestAgent.vcxproj", "{6BAF7362-3B06-4C71-A047-32D42DD6B6DC}"
	ProjectSection(ProjectDependencies) = postProject
		{DA300D64-368E-4A0C-9A2B-74AF06C3F54D} = {DA300D64-368E-4A0C-9A2B-74AF06C3F54D}
	EndProjectSection
EndProject
Project("{8BC9CEB8-8B4A-11D0-8D11-00A0C91BC942}") = "ConformanceTestAgentTest", "ConformanceTestAgentTest.vcxproj", "{FD979703-33E4-4079-AF53-25600E7BF416}"
EndProject
Project("{8BC9CEB8-8B4A-11D0-8D11-00A0C91BC942}") = "dz1", "..\..\..\dimz\dz1\project\vs2022\dz1.vcxproj", "{78EDEE71-C212-4C81-9AFF-02F055137471}"
EndProject
Project("{8BC9CEB8-8B4A-11D0-8D11-00A0C91BC942}") = "dz1_json", "..\..\..\dimz\dz1_tools\dz1_json\project\vs2022\dz1_json.vcxproj", "{0B4A6ABE-24DD-42BE-B6F8-1E7331896B0B}"
EndProject
Project("{8BC9CEB8-8B4A-11D0-8D11-00A0C91BC942}") = "dz1_sock_util", "..\..\..\dimz\dz1_tools\dz1_sock_util\project\vs2022\dz1_sock_util.vcxproj", "{037962C4-CC05-4373-98D3-17770D8C0F37}"
EndProject
Project("{8BC9CEB8-8B4A-11D0-8D11-00A0C91BC942}") = "dz1_socket_ssl", "..\..\..\dimz\dz1_tools\dz1_socket_ssl\project\vs2022\dz1_socket_ssl.vcxproj", "{28BA6900-214E-4A6E-B56D-3FA2E5BDD223}"
EndProject
Project("{8BC9CEB8-8B4A-11D0-8D11-00A0C91BC942}") = "dz1_web_socket", "..\..\..\dimz\dz1_tools\dz1_web_socket\project\vs2022\dz1_web_socket.vcxproj", "{2AE89C61-ACDE-484E-99F8-72EB64C8DB1A}"
EndProject
Project("{8BC9CEB8-8B4A-11D0-8D11-00A0C91BC942}") = "codeconv", "..\..\..\codeconv\project\vs2022\codeconv.vcxproj", "{9B4AB3EF-8C73-4BBF-8176-9E00AC6FCCC3}"
EndProject
Project("{8BC9CEB8-8B4A-11D0-8D11-00A0C91BC942}") = "pthread", "..\..\..\pthreads.2\project\vs2022\pthread.vcxproj", "{3F968544-3D37-446C-967C-B9426F0F527A}"
EndProject
Project("{2150E333-8FDC-42A3-9474-1A3956D46DE8}") = "0.Foundation", "0.Foundation", "{C25B6C93-81C5-435D-AAB3-74E0A0A23586}"
EndProject
Project("{2150E333-8FDC-42A3-9474-1A3956D46DE8}") = "1.Library", "1.Library", "{9D91E92C-3781-467E-9F26-A0A2D5D23BC7}"
EndProject
Project("{8BC9CEB8-8B4A-11D0-8D11-00A0C91BC942}") = "ConformanceTestAgentMsg", "..\..\..\ConformanceTestAgentMsg\project\vs2022\ConformanceTestAgentMsg.vcxproj", "{D58B5F54-E90B-482D-9129-C242D3DF0F3F}"
EndProject
Project("{2150E333-8FDC-42A3-9474-1A3956D46DE8}") = "2.Scenario", "2.Scenario", "{A2719C6E-4674-4C4D-873A-5B6DCFC08415}"
EndProject
Project("{2150E333-8FDC-42A3-9474-1A3956D46DE8}") = "경찰청-신호제어기", "경찰청-신호제어기", "{675CB6DB-EC37-4F92-B771-3983CD00D197}"
EndProject
Project("{8BC9CEB8-8B4A-11D0-8D11-00A0C91BC942}") = "TrafficLightChk", "..\..\..\TrafficLightChk\project\vs2022\TrafficLightChk.vcxproj", "{DA300D64-368E-4A0C-9A2B-74AF06C3F54D}"
EndProject
Project("{8BC9CEB8-8B4A-11D0-8D11-00A0C91BC942}") = "TrafficLightMsg", "..\..\..\TrafficLightMsg\project\vs2022\TrafficLightMsg.vcxproj", "{6613494D-24FD-4367-8B58-036E4A97BBDB}"
EndProject
Global
	GlobalSection(SolutionConfigurationPlatforms) = preSolution
		Debug|Win32 = Debug|Win32
		Debug|x64 = Debug|x64
		DebugDLL|Win32 = DebugDLL|Win32
		DebugDLL|x64 = DebugDLL|x64
		DebugU|Win32 = DebugU|Win32
		DebugU|x64 = DebugU|x64
		Release|Win32 = Release|Win32
		Release|x64 = Release|x64
		ReleaseDLL|Win32 = ReleaseDLL|Win32
		ReleaseDLL|x64 = ReleaseDLL|x64
		ReleaseU|Win32 = ReleaseU|Win32
		ReleaseU|x64 = ReleaseU|x64
	EndGlobalSection
	GlobalSection(ProjectConfigurationPlatforms) = postSolution
		{6BAF7362-3B06-4C71-A047-32D42DD6B6DC}.Debug|Win32.ActiveCfg = Debug|Win32
		{6BAF7362-3B06-4C71-A047-32D42DD6B6DC}.Debug|Win32.Build.0 = Debug|Win32
		{6BAF7362-3B06-4C71-A047-32D42DD6B6DC}.Debug|x64.ActiveCfg = Debug|x64
		{6BAF7362-3B06-4C71-A047-32D42DD6B6DC}.Debug|x64.Build.0 = Debug|x64
		{6BAF7362-3B06-4C71-A047-32D42DD6B6DC}.DebugDLL|Win32.ActiveCfg = Debug|Win32
		{6BAF7362-3B06-4C71-A047-32D42DD6B6DC}.DebugDLL|Win32.Build.0 = Debug|Win32
		{6BAF7362-3B06-4C71-A047-32D42DD6B6DC}.DebugDLL|x64.ActiveCfg = Debug|x64
		{6BAF7362-3B06-4C71-A047-32D42DD6B6DC}.DebugDLL|x64.Build.0 = Debug|x64
		{6BAF7362-3B06-4C71-A047-32D42DD6B6DC}.DebugU|Win32.ActiveCfg = Debug|Win32
		{6BAF7362-3B06-4C71-A047-32D42DD6B6DC}.DebugU|Win32.Build.0 = Debug|Win32
		{6BAF7362-3B06-4C71-A047-32D42DD6B6DC}.DebugU|x64.ActiveCfg = Debug|x64
		{6BAF7362-3B06-4C71-A047-32D42DD6B6DC}.DebugU|x64.Build.0 = Debug|x64
		{6BAF7362-3B06-4C71-A047-32D42DD6B6DC}.Release|Win32.ActiveCfg = Release|Win32
		{6BAF7362-3B06-4C71-A047-32D42DD6B6DC}.Release|Win32.Build.0 = Release|Win32
		{6BAF7362-3B06-4C71-A047-32D42DD6B6DC}.Release|x64.ActiveCfg = Release|x64
		{6BAF7362-3B06-4C71-A047-32D42DD6B6DC}.Release|x64.Build.0 = Release|x64
		{6BAF7362-3B06-4C71-A047-32D42DD6B6DC}.ReleaseDLL|Win32.ActiveCfg = Release|Win32
		{6BAF7362-3B06-4C71-A047-32D42DD6B6DC}.ReleaseDLL|Win32.Build.0 = Release|Win32
		{6BAF7362-3B06-4C71-A047-32D42DD6B6DC}.ReleaseDLL|x64.ActiveCfg = Release|x64
		{6BAF7362-3B06-4C71-A047-32D42DD6B6DC}.ReleaseDLL|x64.Build.0 = Release|x64
		{6BAF7362-3B06-4C71-A047-32D42DD6B6DC}.ReleaseU|Win32.ActiveCfg = Release|Win32
		{6BAF7362-3B06-4C71-A047-32D42DD6B6DC}.ReleaseU|Win32.Build.0 = Release|Win32
		{6BAF7362-3B06-4C71-A047-32D42DD6B6DC}.ReleaseU|x64.ActiveCfg = Release|x64
		{6BAF7362-3B06-4C71-A047-32D42DD6B6DC}.ReleaseU|x64.Build.0 = Release|x64
		{FD979703-33E4-4079-AF53-25600E7BF416}.Debug|Win32.ActiveCfg = Debug|Win32
		{FD979703-33E4-4079-AF53-25600E7BF416}.Debug|Win32.Build.0 = Debug|Win32
		{FD979703-33E4-4079-AF53-25600E7BF416}.Debug|x64.ActiveCfg = Debug|x64
		{FD979703-33E4-4079-AF53-25600E7BF416}.Debug|x64.Build.0 = Debug|x64
		{FD979703-33E4-4079-AF53-25600E7BF416}.DebugDLL|Win32.ActiveCfg = Debug|Win32
		{FD979703-33E4-4079-AF53-25600E7BF416}.DebugDLL|Win32.Build.0 = Debug|Win32
		{FD979703-33E4-4079-AF53-25600E7BF416}.DebugDLL|x64.ActiveCfg = Debug|x64
		{FD979703-33E4-4079-AF53-25600E7BF416}.DebugDLL|x64.Build.0 = Debug|x64
		{FD979703-33E4-4079-AF53-25600E7BF416}.DebugU|Win32.ActiveCfg = Debug|Win32
		{FD979703-33E4-4079-AF53-25600E7BF416}.DebugU|Win32.Build.0 = Debug|Win32
		{FD979703-33E4-4079-AF53-25600E7BF416}.DebugU|x64.ActiveCfg = Debug|x64
		{FD979703-33E4-4079-AF53-25600E7BF416}.DebugU|x64.Build.0 = Debug|x64
		{FD979703-33E4-4079-AF53-25600E7BF416}.Release|Win32.ActiveCfg = Release|Win32
		{FD979703-33E4-4079-AF53-25600E7BF416}.Release|Win32.Build.0 = Release|Win32
		{FD979703-33E4-4079-AF53-25600E7BF416}.Release|x64.ActiveCfg = Release|x64
		{FD979703-33E4-4079-AF53-25600E7BF416}.Release|x64.Build.0 = Release|x64
		{FD979703-33E4-4079-AF53-25600E7BF416}.ReleaseDLL|Win32.ActiveCfg = Release|Win32
		{FD979703-33E4-4079-AF53-25600E7BF416}.ReleaseDLL|Win32.Build.0 = Release|Win32
		{FD979703-33E4-4079-AF53-25600E7BF416}.ReleaseDLL|x64.ActiveCfg = Release|x64
		{FD979703-33E4-4079-AF53-25600E7BF416}.ReleaseDLL|x64.Build.0 = Release|x64
		{FD979703-33E4-4079-AF53-25600E7BF416}.ReleaseU|Win32.ActiveCfg = Release|Win32
		{FD979703-33E4-4079-AF53-25600E7BF416}.ReleaseU|Win32.Build.0 = Release|Win32
		{FD979703-33E4-4079-AF53-25600E7BF416}.ReleaseU|x64.ActiveCfg = Release|x64
		{FD979703-33E4-4079-AF53-25600E7BF416}.ReleaseU|x64.Build.0 = Release|x64
		{78EDEE71-C212-4C81-9AFF-02F055137471}.Debug|Win32.ActiveCfg = Debug|Win32
		{78EDEE71-C212-4C81-9AFF-02F055137471}.Debug|Win32.Build.0 = Debug|Win32
		{78EDEE71-C212-4C81-9AFF-02F055137471}.Debug|x64.ActiveCfg = Debug|x64
		{78EDEE71-C212-4C81-9AFF-02F055137471}.Debug|x64.Build.0 = Debug|x64
		{78EDEE71-C212-4C81-9AFF-02F055137471}.DebugDLL|Win32.ActiveCfg = DebugDLL|Win32
		{78EDEE71-C212-4C81-9AFF-02F055137471}.DebugDLL|Win32.Build.0 = DebugDLL|Win32
		{78EDEE71-C212-4C81-9AFF-02F055137471}.DebugDLL|x64.ActiveCfg = DebugDLL|x64
		{78EDEE71-C212-4C81-9AFF-02F055137471}.DebugDLL|x64.Build.0 = DebugDLL|x64
		{78EDEE71-C212-4C81-9AFF-02F055137471}.DebugU|Win32.ActiveCfg = DebugDLL|Win32
		{78EDEE71-C212-4C81-9AFF-02F055137471}.DebugU|Win32.Build.0 = DebugDLL|Win32
		{78EDEE71-C212-4C81-9AFF-02F055137471}.DebugU|x64.ActiveCfg = DebugDLL|x64
		{78EDEE71-C212-4C81-9AFF-02F055137471}.DebugU|x64.Build.0 = DebugDLL|x64
		{78EDEE71-C212-4C81-9AFF-02F055137471}.Release|Win32.ActiveCfg = Release|Win32
		{78EDEE71-C212-4C81-9AFF-02F055137471}.Release|Win32.Build.0 = Release|Win32
		{78EDEE71-C212-4C81-9AFF-02F055137471}.Release|x64.ActiveCfg = Release|x64
		{78EDEE71-C212-4C81-9AFF-02F055137471}.Release|x64.Build.0 = Release|x64
		{78EDEE71-C212-4C81-9AFF-02F055137471}.ReleaseDLL|Win32.ActiveCfg = ReleaseDLL|Win32
		{78EDEE71-C212-4C81-9AFF-02F055137471}.ReleaseDLL|Win32.Build.0 = ReleaseDLL|Win32
		{78EDEE71-C212-4C81-9AFF-02F055137471}.ReleaseDLL|x64.ActiveCfg = ReleaseDLL|x64
		{78EDEE71-C212-4C81-9AFF-02F055137471}.ReleaseDLL|x64.Build.0 = ReleaseDLL|x64
		{78EDEE71-C212-4C81-9AFF-02F055137471}.ReleaseU|Win32.ActiveCfg = ReleaseDLL|Win32
		{78EDEE71-C212-4C81-9AFF-02F055137471}.ReleaseU|Win32.Build.0 = ReleaseDLL|Win32
		{78EDEE71-C212-4C81-9AFF-02F055137471}.ReleaseU|x64.ActiveCfg = ReleaseDLL|x64
		{78EDEE71-C212-4C81-9AFF-02F055137471}.ReleaseU|x64.Build.0 = ReleaseDLL|x64
		{0B4A6ABE-24DD-42BE-B6F8-1E7331896B0B}.Debug|Win32.ActiveCfg = Debug|Win32
		{0B4A6ABE-24DD-42BE-B6F8-1E7331896B0B}.Debug|Win32.Build.0 = Debug|Win32
		{0B4A6ABE-24DD-42BE-B6F8-1E7331896B0B}.Debug|x64.ActiveCfg = Debug|x64
		{0B4A6ABE-24DD-42BE-B6F8-1E7331896B0B}.Debug|x64.Build.0 = Debug|x64
		{0B4A6ABE-24DD-42BE-B6F8-1E7331896B0B}.DebugDLL|Win32.ActiveCfg = DebugDLL|Win32
		{0B4A6ABE-24DD-42BE-B6F8-1E7331896B0B}.DebugDLL|Win32.Build.0 = DebugDLL|Win32
		{0B4A6ABE-24DD-42BE-B6F8-1E7331896B0B}.DebugDLL|x64.ActiveCfg = DebugDLL|x64
		{0B4A6ABE-24DD-42BE-B6F8-1E7331896B0B}.DebugDLL|x64.Build.0 = DebugDLL|x64
		{0B4A6ABE-24DD-42BE-B6F8-1E7331896B0B}.DebugU|Win32.ActiveCfg = DebugU|Win32
		{0B4A6ABE-24DD-42BE-B6F8-1E7331896B0B}.DebugU|Win32.Build.0 = DebugU|Win32
		{0B4A6ABE-24DD-42BE-B6F8-1E7331896B0B}.DebugU|x64.ActiveCfg = DebugU|x64
		{0B4A6ABE-24DD-42BE-B6F8-1E7331896B0B}.DebugU|x64.Build.0 = DebugU|x64
		{0B4A6ABE-24DD-42BE-B6F8-1E7331896B0B}.Release|Win32.ActiveCfg = Release|Win32
		{0B4A6ABE-24DD-42BE-B6F8-1E7331896B0B}.Release|Win32.Build.0 = Release|Win32
		{0B4A6ABE-24DD-42BE-B6F8-1E7331896B0B}.Release|x64.ActiveCfg = Release|x64
		{0B4A6ABE-24DD-42BE-B6F8-1E7331896B0B}.Release|x64.Build.0 = Release|x64
		{0B4A6ABE-24DD-42BE-B6F8-1E7331896B0B}.ReleaseDLL|Win32.ActiveCfg = ReleaseDLL|Win32
		{0B4A6ABE-24DD-42BE-B6F8-1E7331896B0B}.ReleaseDLL|Win32.Build.0 = ReleaseDLL|Win32
		{0B4A6ABE-24DD-42BE-B6F8-1E7331896B0B}.ReleaseDLL|x64.ActiveCfg = ReleaseDLL|x64
		{0B4A6ABE-24DD-42BE-B6F8-1E7331896B0B}.ReleaseDLL|x64.Build.0 = ReleaseDLL|x64
		{0B4A6ABE-24DD-42BE-B6F8-1E7331896B0B}.ReleaseU|Win32.ActiveCfg = ReleaseU|Win32
		{0B4A6ABE-24DD-42BE-B6F8-1E7331896B0B}.ReleaseU|Win32.Build.0 = ReleaseU|Win32
		{0B4A6ABE-24DD-42BE-B6F8-1E7331896B0B}.ReleaseU|x64.ActiveCfg = ReleaseU|x64
		{0B4A6ABE-24DD-42BE-B6F8-1E7331896B0B}.ReleaseU|x64.Build.0 = ReleaseU|x64
		{037962C4-CC05-4373-98D3-17770D8C0F37}.Debug|Win32.ActiveCfg = Debug|Win32
		{037962C4-CC05-4373-98D3-17770D8C0F37}.Debug|Win32.Build.0 = Debug|Win32
		{037962C4-CC05-4373-98D3-17770D8C0F37}.Debug|x64.ActiveCfg = Debug|x64
		{037962C4-CC05-4373-98D3-17770D8C0F37}.Debug|x64.Build.0 = Debug|x64
		{037962C4-CC05-4373-98D3-17770D8C0F37}.DebugDLL|Win32.ActiveCfg = DebugDLL|Win32
		{037962C4-CC05-4373-98D3-17770D8C0F37}.DebugDLL|Win32.Build.0 = DebugDLL|Win32
		{037962C4-CC05-4373-98D3-17770D8C0F37}.DebugDLL|x64.ActiveCfg = DebugDLL|x64
		{037962C4-CC05-4373-98D3-17770D8C0F37}.DebugDLL|x64.Build.0 = DebugDLL|x64
		{037962C4-CC05-4373-98D3-17770D8C0F37}.DebugU|Win32.ActiveCfg = DebugDLL|Win32
		{037962C4-CC05-4373-98D3-17770D8C0F37}.DebugU|Win32.Build.0 = DebugDLL|Win32
		{037962C4-CC05-4373-98D3-17770D8C0F37}.DebugU|x64.ActiveCfg = DebugDLL|x64
		{037962C4-CC05-4373-98D3-17770D8C0F37}.DebugU|x64.Build.0 = DebugDLL|x64
		{037962C4-CC05-4373-98D3-17770D8C0F37}.Release|Win32.ActiveCfg = Release|Win32
		{037962C4-CC05-4373-98D3-17770D8C0F37}.Release|Win32.Build.0 = Release|Win32
		{037962C4-CC05-4373-98D3-17770D8C0F37}.Release|x64.ActiveCfg = Release|x64
		{037962C4-CC05-4373-98D3-17770D8C0F37}.Release|x64.Build.0 = Release|x64
		{037962C4-CC05-4373-98D3-17770D8C0F37}.ReleaseDLL|Win32.ActiveCfg = ReleaseDLL|Win32
		{037962C4-CC05-4373-98D3-17770D8C0F37}.ReleaseDLL|Win32.Build.0 = ReleaseDLL|Win32
		{037962C4-CC05-4373-98D3-17770D8C0F37}.ReleaseDLL|x64.ActiveCfg = ReleaseDLL|x64
		{037962C4-CC05-4373-98D3-17770D8C0F37}.ReleaseDLL|x64.Build.0 = ReleaseDLL|x64
		{037962C4-CC05-4373-98D3-17770D8C0F37}.ReleaseU|Win32.ActiveCfg = ReleaseDLL|Win32
		{037962C4-CC05-4373-98D3-17770D8C0F37}.ReleaseU|Win32.Build.0 = ReleaseDLL|Win32
		{037962C4-CC05-4373-98D3-17770D8C0F37}.ReleaseU|x64.ActiveCfg = ReleaseDLL|x64
		{037962C4-CC05-4373-98D3-17770D8C0F37}.ReleaseU|x64.Build.0 = ReleaseDLL|x64
		{28BA6900-214E-4A6E-B56D-3FA2E5BDD223}.Debug|Win32.ActiveCfg = Debug|Win32
		{28BA6900-214E-4A6E-B56D-3FA2E5BDD223}.Debug|Win32.Build.0 = Debug|Win32
		{28BA6900-214E-4A6E-B56D-3FA2E5BDD223}.Debug|x64.ActiveCfg = Debug|x64
		{28BA6900-214E-4A6E-B56D-3FA2E5BDD223}.Debug|x64.Build.0 = Debug|x64
		{28BA6900-214E-4A6E-B56D-3FA2E5BDD223}.DebugDLL|Win32.ActiveCfg = DebugDLL|Win32
		{28BA6900-214E-4A6E-B56D-3FA2E5BDD223}.DebugDLL|Win32.Build.0 = DebugDLL|Win32
		{28BA6900-214E-4A6E-B56D-3FA2E5BDD223}.DebugDLL|x64.ActiveCfg = DebugDLL|x64
		{28BA6900-214E-4A6E-B56D-3FA2E5BDD223}.DebugDLL|x64.Build.0 = DebugDLL|x64
		{28BA6900-214E-4A6E-B56D-3FA2E5BDD223}.DebugU|Win32.ActiveCfg = DebugDLL|Win32
		{28BA6900-214E-4A6E-B56D-3FA2E5BDD223}.DebugU|Win32.Build.0 = DebugDLL|Win32
		{28BA6900-214E-4A6E-B56D-3FA2E5BDD223}.DebugU|x64.ActiveCfg = DebugDLL|x64
		{28BA6900-214E-4A6E-B56D-3FA2E5BDD223}.DebugU|x64.Build.0 = DebugDLL|x64
		{28BA6900-214E-4A6E-B56D-3FA2E5BDD223}.Release|Win32.ActiveCfg = Release|Win32
		{28BA6900-214E-4A6E-B56D-3FA2E5BDD223}.Release|Win32.Build.0 = Release|Win32
		{28BA6900-214E-4A6E-B56D-3FA2E5BDD223}.Release|x64.ActiveCfg = Release|x64
		{28BA6900-214E-4A6E-B56D-3FA2E5BDD223}.Release|x64.Build.0 = Release|x64
		{28BA6900-214E-4A6E-B56D-3FA2E5BDD223}.ReleaseDLL|Win32.ActiveCfg = ReleaseDLL|Win32
		{28BA6900-214E-4A6E-B56D-3FA2E5BDD223}.ReleaseDLL|Win32.Build.0 = ReleaseDLL|Win32
		{28BA6900-214E-4A6E-B56D-3FA2E5BDD223}.ReleaseDLL|x64.ActiveCfg = ReleaseDLL|x64
		{28BA6900-214E-4A6E-B56D-3FA2E5BDD223}.ReleaseDLL|x64.Build.0 = ReleaseDLL|x64
		{28BA6900-214E-4A6E-B56D-3FA2E5BDD223}.ReleaseU|Win32.ActiveCfg = ReleaseDLL|Win32
		{28BA6900-214E-4A6E-B56D-3FA2E5BDD223}.ReleaseU|Win32.Build.0 = ReleaseDLL|Win32
		{28BA6900-214E-4A6E-B56D-3FA2E5BDD223}.ReleaseU|x64.ActiveCfg = ReleaseDLL|x64
		{28BA6900-214E-4A6E-B56D-3FA2E5BDD223}.ReleaseU|x64.Build.0 = ReleaseDLL|x64
		{2AE89C61-ACDE-484E-99F8-72EB64C8DB1A}.Debug|Win32.ActiveCfg = Debug|Win32
		{2AE89C61-ACDE-484E-99F8-72EB64C8DB1A}.Debug|Win32.Build.0 = Debug|Win32
		{2AE89C61-ACDE-484E-99F8-72EB64C8DB1A}.Debug|x64.ActiveCfg = Debug|x64
		{2AE89C61-ACDE-484E-99F8-72EB64C8DB1A}.Debug|x64.Build.0 = Debug|x64
		{2AE89C61-ACDE-484E-99F8-72EB64C8DB1A}.DebugDLL|Win32.ActiveCfg = Debug|Win32
		{2AE89C61-ACDE-484E-99F8-72EB64C8DB1A}.DebugDLL|Win32.Build.0 = Debug|Win32
		{2AE89C61-ACDE-484E-99F8-72EB64C8DB1A}.DebugDLL|x64.ActiveCfg = Debug|x64
		{2AE89C61-ACDE-484E-99F8-72EB64C8DB1A}.DebugDLL|x64.Build.0 = Debug|x64
		{2AE89C61-ACDE-484E-99F8-72EB64C8DB1A}.DebugU|Win32.ActiveCfg = Debug|Win32
		{2AE89C61-ACDE-484E-99F8-72EB64C8DB1A}.DebugU|Win32.Build.0 = Debug|Win32
		{2AE89C61-ACDE-484E-99F8-72EB64C8DB1A}.DebugU|x64.ActiveCfg = Debug|x64
		{2AE89C61-ACDE-484E-99F8-72EB64C8DB1A}.DebugU|x64.Build.0 = Debug|x64
		{2AE89C61-ACDE-484E-99F8-72EB64C8DB1A}.Release|Win32.ActiveCfg = Release|Win32
		{2AE89C61-ACDE-484E-99F8-72EB64C8DB1A}.Release|Win32.Build.0 = Release|Win32
		{2AE89C61-ACDE-484E-99F8-72EB64C8DB1A}.Release|x64.ActiveCfg = Release|x64
		{2AE89C61-ACDE-484E-99F8-72EB64C8DB1A}.Release|x64.Build.0 = Release|x64
		{2AE89C61-ACDE-484E-99F8-72EB64C8DB1A}.ReleaseDLL|Win32.ActiveCfg = Release|Win32
		{2AE89C61-ACDE-484E-99F8-72EB64C8DB1A}.ReleaseDLL|Win32.Build.0 = Release|Win32
		{2AE89C61-ACDE-484E-99F8-72EB64C8DB1A}.ReleaseDLL|x64.ActiveCfg = Release|x64
		{2AE89C61-ACDE-484E-99F8-72EB64C8DB1A}.ReleaseDLL|x64.Build.0 = Release|x64
		{2AE89C61-ACDE-484E-99F8-72EB64C8DB1A}.ReleaseU|Win32.ActiveCfg = Release|Win32
		{2AE89C61-ACDE-484E-99F8-72EB64C8DB1A}.ReleaseU|Win32.Build.0 = Release|Win32
		{2AE89C61-ACDE-484E-99F8-72EB64C8DB1A}.ReleaseU|x64.ActiveCfg = Release|x64
		{2AE89C61-ACDE-484E-99F8-72EB64C8DB1A}.ReleaseU|x64.Build.0 = Release|x64
		{9B4AB3EF-8C73-4BBF-8176-9E00AC6FCCC3}.Debug|Win32.ActiveCfg = Debug|Win32
		{9B4AB3EF-8C73-4BBF-8176-9E00AC6FCCC3}.Debug|Win32.Build.0 = Debug|Win32
		{9B4AB3EF-8C73-4BBF-8176-9E00AC6FCCC3}.Debug|x64.ActiveCfg = Debug|x64
		{9B4AB3EF-8C73-4BBF-8176-9E00AC6FCCC3}.Debug|x64.Build.0 = Debug|x64
		{9B4AB3EF-8C73-4BBF-8176-9E00AC6FCCC3}.DebugDLL|Win32.ActiveCfg = DebugDLL|Win32
		{9B4AB3EF-8C73-4BBF-8176-9E00AC6FCCC3}.DebugDLL|Win32.Build.0 = DebugDLL|Win32
		{9B4AB3EF-8C73-4BBF-8176-9E00AC6FCCC3}.DebugDLL|x64.ActiveCfg = DebugDLL|x64
		{9B4AB3EF-8C73-4BBF-8176-9E00AC6FCCC3}.DebugDLL|x64.Build.0 = DebugDLL|x64
		{9B4AB3EF-8C73-4BBF-8176-9E00AC6FCCC3}.DebugU|Win32.ActiveCfg = DebugDLL|Win32
		{9B4AB3EF-8C73-4BBF-8176-9E00AC6FCCC3}.DebugU|Win32.Build.0 = DebugDLL|Win32
		{9B4AB3EF-8C73-4BBF-8176-9E00AC6FCCC3}.DebugU|x64.ActiveCfg = DebugDLL|x64
		{9B4AB3EF-8C73-4BBF-8176-9E00AC6FCCC3}.DebugU|x64.Build.0 = DebugDLL|x64
		{9B4AB3EF-8C73-4BBF-8176-9E00AC6FCCC3}.Release|Win32.ActiveCfg = Release|Win32
		{9B4AB3EF-8C73-4BBF-8176-9E00AC6FCCC3}.Release|Win32.Build.0 = Release|Win32
		{9B4AB3EF-8C73-4BBF-8176-9E00AC6FCCC3}.Release|x64.ActiveCfg = Release|x64
		{9B4AB3EF-8C73-4BBF-8176-9E00AC6FCCC3}.Release|x64.Build.0 = Release|x64
		{9B4AB3EF-8C73-4BBF-8176-9E00AC6FCCC3}.ReleaseDLL|Win32.ActiveCfg = ReleaseDLL|Win32
		{9B4AB3EF-8C73-4BBF-8176-9E00AC6FCCC3}.ReleaseDLL|Win32.Build.0 = ReleaseDLL|Win32
		{9B4AB3EF-8C73-4BBF-8176-9E00AC6FCCC3}.ReleaseDLL|x64.ActiveCfg = ReleaseDLL|x64
		{9B4AB3EF-8C73-4BBF-8176-9E00AC6FCCC3}.ReleaseDLL|x64.Build.0 = ReleaseDLL|x64
		{9B4AB3EF-8C73-4BBF-8176-9E00AC6FCCC3}.ReleaseU|Win32.ActiveCfg = ReleaseDLL|Win32
		{9B4AB3EF-8C73-4BBF-8176-9E00AC6FCCC3}.ReleaseU|Win32.Build.0 = ReleaseDLL|Win32
		{9B4AB3EF-8C73-4BBF-8176-9E00AC6FCCC3}.ReleaseU|x64.ActiveCfg = ReleaseDLL|x64
		{9B4AB3EF-8C73-4BBF-8176-9E00AC6FCCC3}.ReleaseU|x64.Build.0 = ReleaseDLL|x64
		{3F968544-3D37-446C-967C-B9426F0F527A}.Debug|Win32.ActiveCfg = Debug|Win32
		{3F968544-3D37-446C-967C-B9426F0F527A}.Debug|Win32.Build.0 = Debug|Win32
		{3F968544-3D37-446C-967C-B9426F0F527A}.Debug|x64.ActiveCfg = Debug|x64
		{3F968544-3D37-446C-967C-B9426F0F527A}.Debug|x64.Build.0 = Debug|x64
		{3F968544-3D37-446C-967C-B9426F0F527A}.DebugDLL|Win32.ActiveCfg = DebugDLL|Win32
		{3F968544-3D37-446C-967C-B9426F0F527A}.DebugDLL|Win32.Build.0 = DebugDLL|Win32
		{3F968544-3D37-446C-967C-B9426F0F527A}.DebugDLL|x64.ActiveCfg = DebugDLL|x64
		{3F968544-3D37-446C-967C-B9426F0F527A}.DebugDLL|x64.Build.0 = DebugDLL|x64
		{3F968544-3D37-446C-967C-B9426F0F527A}.DebugU|Win32.ActiveCfg = DebugDLL|Win32
		{3F968544-3D37-446C-967C-B9426F0F527A}.DebugU|Win32.Build.0 = DebugDLL|Win32
		{3F968544-3D37-446C-967C-B9426F0F527A}.DebugU|x64.ActiveCfg = DebugDLL|x64
		{3F968544-3D37-446C-967C-B9426F0F527A}.DebugU|x64.Build.0 = DebugDLL|x64
		{3F968544-3D37-446C-967C-B9426F0F527A}.Release|Win32.ActiveCfg = Release|Win32
		{3F968544-3D37-446C-967C-B9426F0F527A}.Release|Win32.Build.0 = Release|Win32
		{3F968544-3D37-446C-967C-B9426F0F527A}.Release|x64.ActiveCfg = Release|x64
		{3F968544-3D37-446C-967C-B9426F0F527A}.Release|x64.Build.0 = Release|x64
		{3F968544-3D37-446C-967C-B9426F0F527A}.ReleaseDLL|Win32.ActiveCfg = ReleaseDLL|Win32
		{3F968544-3D37-446C-967C-B9426F0F527A}.ReleaseDLL|Win32.Build.0 = ReleaseDLL|Win32
		{3F968544-3D37-446C-967C-B9426F0F527A}.ReleaseDLL|x64.ActiveCfg = ReleaseDLL|x64
		{3F968544-3D37-446C-967C-B9426F0F527A}.ReleaseDLL|x64.Build.0 = ReleaseDLL|x64
		{3F968544-3D37-446C-967C-B9426F0F527A}.ReleaseU|Win32.ActiveCfg = ReleaseDLL|Win32
		{3F968544-3D37-446C-967C-B9426F0F527A}.ReleaseU|Win32.Build.0 = ReleaseDLL|Win32
		{3F968544-3D37-446C-967C-B9426F0F527A}.ReleaseU|x64.ActiveCfg = ReleaseDLL|x64
		{3F968544-3D37-446C-967C-B9426F0F527A}.ReleaseU|x64.Build.0 = ReleaseDLL|x64
		{D58B5F54-E90B-482D-9129-C242D3DF0F3F}.Debug|Win32.ActiveCfg = Debug|Win32
		{D58B5F54-E90B-482D-9129-C242D3DF0F3F}.Debug|Win32.Build.0 = Debug|Win32
		{D58B5F54-E90B-482D-9129-C242D3DF0F3F}.Debug|x64.ActiveCfg = Debug|x64
		{D58B5F54-E90B-482D-9129-C242D3DF0F3F}.Debug|x64.Build.0 = Debug|x64
		{D58B5F54-E90B-482D-9129-C242D3DF0F3F}.DebugDLL|Win32.ActiveCfg = Debug|Win32
		{D58B5F54-E90B-482D-9129-C242D3DF0F3F}.DebugDLL|Win32.Build.0 = Debug|Win32
		{D58B5F54-E90B-482D-9129-C242D3DF0F3F}.DebugDLL|x64.ActiveCfg = Debug|x64
		{D58B5F54-E90B-482D-9129-C242D3DF0F3F}.DebugDLL|x64.Build.0 = Debug|x64
		{D58B5F54-E90B-482D-9129-C242D3DF0F3F}.DebugU|Win32.ActiveCfg = Debug|Win32
		{D58B5F54-E90B-482D-9129-C242D3DF0F3F}.DebugU|Win32.Build.0 = Debug|Win32
		{D58B5F54-E90B-482D-9129-C242D3DF0F3F}.DebugU|x64.ActiveCfg = Debug|x64
		{D58B5F54-E90B-482D-9129-C242D3DF0F3F}.DebugU|x64.Build.0 = Debug|x64
		{D58B5F54-E90B-482D-9129-C242D3DF0F3F}.Release|Win32.ActiveCfg = Release|Win32
		{D58B5F54-E90B-482D-9129-C242D3DF0F3F}.Release|Win32.Build.0 = Release|Win32
		{D58B5F54-E90B-482D-9129-C242D3DF0F3F}.Release|x64.ActiveCfg = Release|x64
		{D58B5F54-E90B-482D-9129-C242D3DF0F3F}.Release|x64.Build.0 = Release|x64
		{D58B5F54-E90B-482D-9129-C242D3DF0F3F}.ReleaseDLL|Win32.ActiveCfg = Release|Win32
		{D58B5F54-E90B-482D-9129-C242D3DF0F3F}.ReleaseDLL|Win32.Build.0 = Release|Win32
		{D58B5F54-E90B-482D-9129-C242D3DF0F3F}.ReleaseDLL|x64.ActiveCfg = Release|x64
		{D58B5F54-E90B-482D-9129-C242D3DF0F3F}.ReleaseDLL|x64.Build.0 = Release|x64
		{D58B5F54-E90B-482D-9129-C242D3DF0F3F}.ReleaseU|Win32.ActiveCfg = Release|Win32
		{D58B5F54-E90B-482D-9129-C242D3DF0F3F}.ReleaseU|Win32.Build.0 = Release|Win32
		{D58B5F54-E90B-482D-9129-C242D3DF0F3F}.ReleaseU|x64.ActiveCfg = Release|x64
		{D58B5F54-E90B-482D-9129-C242D3DF0F3F}.ReleaseU|x64.Build.0 = Release|x64
		{DA300D64-368E-4A0C-9A2B-74AF06C3F54D}.Debug|Win32.ActiveCfg = Debug|Win32
		{DA300D64-368E-4A0C-9A2B-74AF06C3F54D}.Debug|Win32.Build.0 = Debug|Win32
		{DA300D64-368E-4A0C-9A2B-74AF06C3F54D}.Debug|x64.ActiveCfg = Debug|x64
		{DA300D64-368E-4A0C-9A2B-74AF06C3F54D}.Debug|x64.Build.0 = Debug|x64
		{DA300D64-368E-4A0C-9A2B-74AF06C3F54D}.DebugDLL|Win32.ActiveCfg = Debug|Win32
		{DA300D64-368E-4A0C-9A2B-74AF06C3F54D}.DebugDLL|Win32.Build.0 = Debug|Win32
		{DA300D64-368E-4A0C-9A2B-74AF06C3F54D}.DebugDLL|x64.ActiveCfg = Debug|x64
		{DA300D64-368E-4A0C-9A2B-74AF06C3F54D}.DebugDLL|x64.Build.0 = Debug|x64
		{DA300D64-368E-4A0C-9A2B-74AF06C3F54D}.DebugU|Win32.ActiveCfg = Debug|Win32
		{DA300D64-368E-4A0C-9A2B-74AF06C3F54D}.DebugU|Win32.Build.0 = Debug|Win32
		{DA300D64-368E-4A0C-9A2B-74AF06C3F54D}.DebugU|x64.ActiveCfg = Debug|x64
		{DA300D64-368E-4A0C-9A2B-74AF06C3F54D}.DebugU|x64.Build.0 = Debug|x64
		{DA300D64-368E-4A0C-9A2B-74AF06C3F54D}.Release|Win32.ActiveCfg = Release|Win32
		{DA300D64-368E-4A0C-9A2B-74AF06C3F54D}.Release|Win32.Build.0 = Release|Win32
		{DA300D64-368E-4A0C-9A2B-74AF06C3F54D}.Release|x64.ActiveCfg = Release|x64
		{DA300D64-368E-4A0C-9A2B-74AF06C3F54D}.Release|x64.Build.0 = Release|x64
		{DA300D64-368E-4A0C-9A2B-74AF06C3F54D}.ReleaseDLL|Win32.ActiveCfg = Release|Win32
		{DA300D64-368E-4A0C-9A2B-74AF06C3F54D}.ReleaseDLL|Win32.Build.0 = Release|Win32
		{DA300D64-368E-4A0C-9A2B-74AF06C3F54D}.ReleaseDLL|x64.ActiveCfg = Release|x64
		{DA300D64-368E-4A0C-9A2B-74AF06C3F54D}.ReleaseDLL|x64.Build.0 = Release|x64
		{DA300D64-368E-4A0C-9A2B-74AF06C3F54D}.ReleaseU|Win32.ActiveCfg = Release|Win32
		{DA300D64-368E-4A0C-9A2B-74AF06C3F54D}.ReleaseU|Win32.Build.0 = Release|Win32
		{DA300D64-368E-4A0C-9A2B-74AF06C3F54D}.ReleaseU|x64.ActiveCfg = Release|x64
		{DA300D64-368E-4A0C-9A2B-74AF06C3F54D}.ReleaseU|x64.Build.0 = Release|x64
		{6613494D-24FD-4367-8B58-036E4A97BBDB}.Debug|Win32.ActiveCfg = Debug|Win32
		{6613494D-24FD-4367-8B58-036E4A97BBDB}.Debug|Win32.Build.0 = Debug|Win32
		{6613494D-24FD-4367-8B58-036E4A97BBDB}.Debug|x64.ActiveCfg = Debug|x64
		{6613494D-24FD-4367-8B58-036E4A97BBDB}.Debug|x64.Build.0 = Debug|x64
		{6613494D-24FD-4367-8B58-036E4A97BBDB}.DebugDLL|Win32.ActiveCfg = Debug|Win32
		{6613494D-24FD-4367-8B58-036E4A97BBDB}.DebugDLL|Win32.Build.0 = Debug|Win32
		{6613494D-24FD-4367-8B58-036E4A97BBDB}.DebugDLL|x64.ActiveCfg = Debug|x64
		{6613494D-24FD-4367-8B58-036E4A97BBDB}.DebugDLL|x64.Build.0 = Debug|x64
		{6613494D-24FD-4367-8B58-036E4A97BBDB}.DebugU|Win32.ActiveCfg = Debug|Win32
		{6613494D-24FD-4367-8B58-036E4A97BBDB}.DebugU|Win32.Build.0 = Debug|Win32
		{6613494D-24FD-4367-8B58-036E4A97BBDB}.DebugU|x64.ActiveCfg = Debug|x64
		{6613494D-24FD-4367-8B58-036E4A97BBDB}.DebugU|x64.Build.0 = Debug|x64
		{6613494D-24FD-4367-8B58-036E4A97BBDB}.Release|Win32.ActiveCfg = Release|Win32
		{6613494D-24FD-4367-8B58-036E4A97BBDB}.Release|Win32.Build.0 = Release|Win32
		{6613494D-24FD-4367-8B58-036E4A97BBDB}.Release|x64.ActiveCfg = Release|x64
		{6613494D-24FD-4367-8B58-036E4A97BBDB}.Release|x64.Build.0 = Release|x64
		{6613494D-24FD-4367-8B58-036E4A97BBDB}.ReleaseDLL|Win32.ActiveCfg = Release|Win32
		{6613494D-24FD-4367-8B58-036E4A97BBDB}.ReleaseDLL|Win32.Build.0 = Release|Win32
		{6613494D-24FD-4367-8B58-036E4A97BBDB}.ReleaseDLL|x64.ActiveCfg = Release|x64
		{6613494D-24FD-4367-8B58-036E4A97BBDB}.ReleaseDLL|x64.Build.0 = Release|x64
		{6613494D-24FD-4367-8B58-036E4A97BBDB}.ReleaseU|Win32.ActiveCfg = Release|Win32
		{6613494D-24FD-4367-8B58-036E4A97BBDB}.ReleaseU|Win32.Build.0 = Release|Win32
		{6613494D-24FD-4367-8B58-036E4A97BBDB}.ReleaseU|x64.ActiveCfg = Release|x64
		{6613494D-24FD-4367-8B58-036E4A97BBDB}.ReleaseU|x64.Build.0 = Release|x64
	EndGlobalSection
	GlobalSection(SolutionProperties) = preSolution
		HideSolutionNode = FALSE
	EndGlobalSection
	GlobalSection(NestedProjects) = preSolution
		{78EDEE71-C212-4C81-9AFF-02F055137471} = {C25B6C93-81C5-435D-AAB3-74E0A0A23586}
		{0B4A6ABE-24DD-42BE-B6F8-1E7331896B0B} = {9D91E92C-3781-467E-9F26-A0A2D5D23BC7}
		{037962C4-CC05-4373-98D3-17770D8C0F37} = {9D91E92C-3781-467E-9F26-A0A2D5D23BC7}
		{28BA6900-214E-4A6E-B56D-3FA2E5BDD223} = {9D91E92C-3781-467E-9F26-A0A2D5D23BC7}
		{2AE89C61-ACDE-484E-99F8-72EB64C8DB1A} = {9D91E92C-3781-467E-9F26-A0A2D5D23BC7}
		{9B4AB3EF-8C73-4BBF-8176-9E00AC6FCCC3} = {C25B6C93-81C5-435D-AAB3-74E0A0A23586}
		{3F968544-3D37-446C-967C-B9426F0F527A} = {C25B6C93-81C5-435D-AAB3-74E0A0A23586}
		{675CB6DB-EC37-4F92-B771-3983CD00D197} = {A2719C6E-4674-4C4D-873A-5B6DCFC08415}
		{DA300D64-368E-4A0C-9A2B-74AF06C3F54D} = {675CB6DB-EC37-4F92-B771-3983CD00D197}
		{6613494D-24FD-4367-8B58-036E4A97BBDB} = {675CB6DB-EC37-4F92-B771-3983CD00D197}
	EndGlobalSection
	GlobalSection(ExtensibilityGlobals) = postSolution
		SolutionGuid = {5D390CC6-5DB8-46DB-815B-1F94EA30AA15}
	EndGlobalSection
EndGlobal
